// !$*UTF8*$!
{
	archiveVersion = 1;
	classes = {
	};
	objectVersion = 50;
	objects = {

/* Begin PBXBuildFile section */
		3D391D23252D080D007C2A34 /* AppDelegate.swift in Sources */ = {isa = PBXBuildFile; fileRef = 3D391D22252D080D007C2A34 /* AppDelegate.swift */; };
		3D391D25252D080D007C2A34 /* ViewController.swift in Sources */ = {isa = PBXBuildFile; fileRef = 3D391D24252D080D007C2A34 /* ViewController.swift */; };
		3D391D28252D080D007C2A34 /* Main.storyboard in Resources */ = {isa = PBXBuildFile; fileRef = 3D391D26252D080D007C2A34 /* Main.storyboard */; };
		3D391D2A252D080E007C2A34 /* Assets.xcassets in Resources */ = {isa = PBXBuildFile; fileRef = 3D391D29252D080E007C2A34 /* Assets.xcassets */; };
		3D391D2D252D080E007C2A34 /* LaunchScreen.storyboard in Resources */ = {isa = PBXBuildFile; fileRef = 3D391D2B252D080E007C2A34 /* LaunchScreen.storyboard */; };
		3D391D38252D080E007C2A34 /* propinaTests.swift in Sources */ = {isa = PBXBuildFile; fileRef = 3D391D37252D080E007C2A34 /* propinaTests.swift */; };
		3D391D43252D080E007C2A34 /* propinaUITests.swift in Sources */ = {isa = PBXBuildFile; fileRef = 3D391D42252D080E007C2A34 /* propinaUITests.swift */; };
/* End PBXBuildFile section */

/* Begin PBXContainerItemProxy section */
		3D391D34252D080E007C2A34 /* PBXContainerItemProxy */ = {
			isa = PBXContainerItemProxy;
			containerPortal = 3D391D17252D080D007C2A34 /* Project object */;
			proxyType = 1;
			remoteGlobalIDString = 3D391D1E252D080D007C2A34;
			remoteInfo = propina;
		};
		3D391D3F252D080E007C2A34 /* PBXContainerItemProxy */ = {
			isa = PBXContainerItemProxy;
			containerPortal = 3D391D17252D080D007C2A34 /* Project object */;
			proxyType = 1;
			remoteGlobalIDString = 3D391D1E252D080D007C2A34;
			remoteInfo = propina;
		};
/* End PBXContainerItemProxy section */

/* Begin PBXFileReference section */
		3D391D1F252D080D007C2A34 /* propina.app */ = {isa = PBXFileReference; explicitFileType = wrapper.application; includeInIndex = 0; path = propina.app; sourceTree = BUILT_PRODUCTS_DIR; };
		3D391D22252D080D007C2A34 /* AppDelegate.swift */ = {isa = PBXFileReference; lastKnownFileType = sourcecode.swift; path = AppDelegate.swift; sourceTree = "<group>"; };
		3D391D24252D080D007C2A34 /* ViewController.swift */ = {isa = PBXFileReference; lastKnownFileType = sourcecode.swift; path = ViewController.swift; sourceTree = "<group>"; };
		3D391D27252D080D007C2A34 /* Base */ = {isa = PBXFileReference; lastKnownFileType = file.storyboard; name = Base; path = Base.lproj/Main.storyboard; sourceTree = "<group>"; };
		3D391D29252D080E007C2A34 /* Assets.xcassets */ = {isa = PBXFileReference; lastKnownFileType = folder.assetcatalog; path = Assets.xcassets; sourceTree = "<group>"; };
		3D391D2C252D080E007C2A34 /* Base */ = {isa = PBXFileReference; lastKnownFileType = file.storyboard; name = Base; path = Base.lproj/LaunchScreen.storyboard; sourceTree = "<group>"; };
		3D391D2E252D080E007C2A34 /* Info.plist */ = {isa = PBXFileReference; lastKnownFileType = text.plist.xml; path = Info.plist; sourceTree = "<group>"; };
		3D391D33252D080E007C2A34 /* propinaTests.xctest */ = {isa = PBXFileReference; explicitFileType = wrapper.cfbundle; includeInIndex = 0; path = propinaTests.xctest; sourceTree = BUILT_PRODUCTS_DIR; };
		3D391D37252D080E007C2A34 /* propinaTests.swift */ = {isa = PBXFileReference; lastKnownFileType = sourcecode.swift; path = propinaTests.swift; sourceTree = "<group>"; };
		3D391D39252D080E007C2A34 /* Info.plist */ = {isa = PBXFileReference; lastKnownFileType = text.plist.xml; path = Info.plist; sourceTree = "<group>"; };
		3D391D3E252D080E007C2A34 /* propinaUITests.xctest */ = {isa = PBXFileReference; explicitFileType = wrapper.cfbundle; includeInIndex = 0; path = propinaUITests.xctest; sourceTree = BUILT_PRODUCTS_DIR; };
		3D391D42252D080E007C2A34 /* propinaUITests.swift */ = {isa = PBXFileReference; lastKnownFileType = sourcecode.swift; path = propinaUITests.swift; sourceTree = "<group>"; };
		3D391D44252D080E007C2A34 /* Info.plist */ = {isa = PBXFileReference; lastKnownFileType = text.plist.xml; path = Info.plist; sourceTree = "<group>"; };
/* End PBXFileReference section */

/* Begin PBXFrameworksBuildPhase section */
		3D391D1C252D080D007C2A34 /* Frameworks */ = {
			isa = PBXFrameworksBuildPhase;
			buildActionMask = 2147483647;
			files = (
			);
			runOnlyForDeploymentPostprocessing = 0;
		};
		3D391D30252D080E007C2A34 /* Frameworks */ = {
			isa = PBXFrameworksBuildPhase;
			buildActionMask = 2147483647;
			files = (
			);
			runOnlyForDeploymentPostprocessing = 0;
		};
		3D391D3B252D080E007C2A34 /* Frameworks */ = {
			isa = PBXFrameworksBuildPhase;
			buildActionMask = 2147483647;
			files = (
			);
			runOnlyForDeploymentPostprocessing = 0;
		};
/* End PBXFrameworksBuildPhase section */

/* Begin PBXGroup section */
		3D391D16252D080D007C2A34 = {
			isa = PBXGroup;
			children = (
				3D391D21252D080D007C2A34 /* propina */,
				3D391D36252D080E007C2A34 /* propinaTests */,
				3D391D41252D080E007C2A34 /* propinaUITests */,
				3D391D20252D080D007C2A34 /* Products */,
			);
			sourceTree = "<group>";
		};
		3D391D20252D080D007C2A34 /* Products */ = {
			isa = PBXGroup;
			children = (
				3D391D1F252D080D007C2A34 /* propina.app */,
				3D391D33252D080E007C2A34 /* propinaTests.xctest */,
				3D391D3E252D080E007C2A34 /* propinaUITests.xctest */,
			);
			name = Products;
			sourceTree = "<group>";
		};
		3D391D21252D080D007C2A34 /* propina */ = {
			isa = PBXGroup;
			children = (
				3D391D22252D080D007C2A34 /* AppDelegate.swift */,
				3D391D24252D080D007C2A34 /* ViewController.swift */,
				3D391D26252D080D007C2A34 /* Main.storyboard */,
				3D391D29252D080E007C2A34 /* Assets.xcassets */,
				3D391D2B252D080E007C2A34 /* LaunchScreen.storyboard */,
				3D391D2E252D080E007C2A34 /* Info.plist */,
			);
			path = propina;
			sourceTree = "<group>";
		};
		3D391D36252D080E007C2A34 /* propinaTests */ = {
			isa = PBXGroup;
			children = (
				3D391D37252D080E007C2A34 /* propinaTests.swift */,
				3D391D39252D080E007C2A34 /* Info.plist */,
			);
			path = propinaTests;
			sourceTree = "<group>";
		};
		3D391D41252D080E007C2A34 /* propinaUITests */ = {
			isa = PBXGroup;
			children = (
				3D391D42252D080E007C2A34 /* propinaUITests.swift */,
				3D391D44252D080E007C2A34 /* Info.plist */,
			);
			path = propinaUITests;
			sourceTree = "<group>";
		};
/* End PBXGroup section */

/* Begin PBXNativeTarget section */
		3D391D1E252D080D007C2A34 /* propina */ = {
			isa = PBXNativeTarget;
			buildConfigurationList = 3D391D47252D080E007C2A34 /* Build configuration list for PBXNativeTarget "propina" */;
			buildPhases = (
				3D391D1B252D080D007C2A34 /* Sources */,
				3D391D1C252D080D007C2A34 /* Frameworks */,
				3D391D1D252D080D007C2A34 /* Resources */,
			);
			buildRules = (
			);
			dependencies = (
			);
			name = propina;
			productName = propina;
			productReference = 3D391D1F252D080D007C2A34 /* propina.app */;
			productType = "com.apple.product-type.application";
		};
		3D391D32252D080E007C2A34 /* propinaTests */ = {
			isa = PBXNativeTarget;
			buildConfigurationList = 3D391D4A252D080E007C2A34 /* Build configuration list for PBXNativeTarget "propinaTests" */;
			buildPhases = (
				3D391D2F252D080E007C2A34 /* Sources */,
				3D391D30252D080E007C2A34 /* Frameworks */,
				3D391D31252D080E007C2A34 /* Resources */,
			);
			buildRules = (
			);
			dependencies = (
				3D391D35252D080E007C2A34 /* PBXTargetDependency */,
			);
			name = propinaTests;
			productName = propinaTests;
			productReference = 3D391D33252D080E007C2A34 /* propinaTests.xctest */;
			productType = "com.apple.product-type.bundle.unit-test";
		};
		3D391D3D252D080E007C2A34 /* propinaUITests */ = {
			isa = PBXNativeTarget;
			buildConfigurationList = 3D391D4D252D080E007C2A34 /* Build configuration list for PBXNativeTarget "propinaUITests" */;
			buildPhases = (
				3D391D3A252D080E007C2A34 /* Sources */,
				3D391D3B252D080E007C2A34 /* Frameworks */,
				3D391D3C252D080E007C2A34 /* Resources */,
			);
			buildRules = (
			);
			dependencies = (
				3D391D40252D080E007C2A34 /* PBXTargetDependency */,
			);
			name = propinaUITests;
			productName = propinaUITests;
			productReference = 3D391D3E252D080E007C2A34 /* propinaUITests.xctest */;
			productType = "com.apple.product-type.bundle.ui-testing";
		};
/* End PBXNativeTarget section */

/* Begin PBXProject section */
		3D391D17252D080D007C2A34 /* Project object */ = {
			isa = PBXProject;
			attributes = {
				LastSwiftUpdateCheck = 1030;
				LastUpgradeCheck = 1030;
				ORGANIZATIONNAME = Alumno;
				TargetAttributes = {
					3D391D1E252D080D007C2A34 = {
						CreatedOnToolsVersion = 10.3;
					};
					3D391D32252D080E007C2A34 = {
						CreatedOnToolsVersion = 10.3;
						TestTargetID = 3D391D1E252D080D007C2A34;
					};
					3D391D3D252D080E007C2A34 = {
						CreatedOnToolsVersion = 10.3;
						TestTargetID = 3D391D1E252D080D007C2A34;
					};
				};
			};
			buildConfigurationList = 3D391D1A252D080D007C2A34 /* Build configuration list for PBXProject "propina" */;
			compatibilityVersion = "Xcode 9.3";
			developmentRegion = en;
			hasScannedForEncodings = 0;
			knownRegions = (
				en,
				Base,
			);
			mainGroup = 3D391D16252D080D007C2A34;
			productRefGroup = 3D391D20252D080D007C2A34 /* Products */;
			projectDirPath = "";
			projectRoot = "";
			targets = (
				3D391D1E252D080D007C2A34 /* propina */,
				3D391D32252D080E007C2A34 /* propinaTests */,
				3D391D3D252D080E007C2A34 /* propinaUITests */,
			);
		};
/* End PBXProject section */

/* Begin PBXResourcesBuildPhase section */
		3D391D1D252D080D007C2A34 /* Resources */ = {
			isa = PBXResourcesBuildPhase;
			buildActionMask = 2147483647;
			files = (
				3D391D2D252D080E007C2A34 /* LaunchScreen.storyboard in Resources */,
				3D391D2A252D080E007C2A34 /* Assets.xcassets in Resources */,
				3D391D28252D080D007C2A34 /* Main.storyboard in Resources */,
			);
			runOnlyForDeploymentPostprocessing = 0;
		};
		3D391D31252D080E007C2A34 /* Resources */ = {
			isa = PBXResourcesBuildPhase;
			buildActionMask = 2147483647;
			files = (
			);
			runOnlyForDeploymentPostprocessing = 0;
		};
		3D391D3C252D080E007C2A34 /* Resources */ = {
			isa = PBXResourcesBuildPhase;
			buildActionMask = 2147483647;
			files = (
			);
			runOnlyForDeploymentPostprocessing = 0;
		};
/* End PBXResourcesBuildPhase section */

/* Begin PBXSourcesBuildPhase section */
		3D391D1B252D080D007C2A34 /* Sources */ = {
			isa = PBXSourcesBuildPhase;
			buildActionMask = 2147483647;
			files = (
				3D391D25252D080D007C2A34 /* ViewController.swift in Sources */,
				3D391D23252D080D007C2A34 /* AppDelegate.swift in Sources */,
			);
			runOnlyForDeploymentPostprocessing = 0;
		};
		3D391D2F252D080E007C2A34 /* Sources */ = {
			isa = PBXSourcesBuildPhase;
			buildActionMask = 2147483647;
			files = (
				3D391D38252D080E007C2A34 /* propinaTests.swift in Sources */,
			);
			runOnlyForDeploymentPostprocessing = 0;
		};
		3D391D3A252D080E007C2A34 /* Sources */ = {
			isa = PBXSourcesBuildPhase;
			buildActionMask = 2147483647;
			files = (
				3D391D43252D080E007C2A34 /* propinaUITests.swift in Sources */,
			);
			runOnlyForDeploymentPostprocessing = 0;
		};
/* End PBXSourcesBuildPhase section */

/* Begin PBXTargetDependency section */
		3D391D35252D080E007C2A34 /* PBXTargetDependency */ = {
			isa = PBXTargetDependency;
			target = 3D391D1E252D080D007C2A34 /* propina */;
			targetProxy = 3D391D34252D080E007C2A34 /* PBXContainerItemProxy */;
		};
		3D391D40252D080E007C2A34 /* PBXTargetDependency */ = {
			isa = PBXTargetDependency;
			target = 3D391D1E252D080D007C2A34 /* propina */;
			targetProxy = 3D391D3F252D080E007C2A34 /* PBXContainerItemProxy */;
		};
/* End PBXTargetDependency section */

/* Begin PBXVariantGroup section */
		3D391D26252D080D007C2A34 /* Main.storyboard */ = {
			isa = PBXVariantGroup;
			children = (
				3D391D27252D080D007C2A34 /* Base */,
			);
			name = Main.storyboard;
			sourceTree = "<group>";
		};
		3D391D2B252D080E007C2A34 /* LaunchScreen.storyboard */ = {
			isa = PBXVariantGroup;
			children = (
				3D391D2C252D080E007C2A34 /* Base */,
			);
			name = LaunchScreen.storyboard;
			sourceTree = "<group>";
		};
/* End PBXVariantGroup section */

/* Begin XCBuildConfiguration section */
		3D391D45252D080E007C2A34 /* Debug */ = {
			isa = XCBuildConfiguration;
			buildSettings = {
				ALWAYS_SEARCH_USER_PATHS = NO;
				CLANG_ANALYZER_NONNULL = YES;
				CLANG_ANALYZER_NUMBER_OBJECT_CONVERSION = YES_AGGRESSIVE;
				CLANG_CXX_LANGUAGE_STANDARD = "gnu++14";
				CLANG_CXX_LIBRARY = "libc++";
				CLANG_ENABLE_MODULES = YES;
				CLANG_ENABLE_OBJC_ARC = YES;
				CLANG_ENABLE_OBJC_WEAK = YES;
				CLANG_WARN_BLOCK_CAPTURE_AUTORELEASING = YES;
				CLANG_WARN_BOOL_CONVERSION = YES;
				CLANG_WARN_COMMA = YES;
				CLANG_WARN_CONSTANT_CONVERSION = YES;
				CLANG_WARN_DEPRECATED_OBJC_IMPLEMENTATIONS = YES;
				CLANG_WARN_DIRECT_OBJC_ISA_USAGE = YES_ERROR;
				CLANG_WARN_DOCUMENTATION_COMMENTS = YES;
				CLANG_WARN_EMPTY_BODY = YES;
				CLANG_WARN_ENUM_CONVERSION = YES;
				CLANG_WARN_INFINITE_RECURSION = YES;
				CLANG_WARN_INT_CONVERSION = YES;
				CLANG_WARN_NON_LITERAL_NULL_CONVERSION = YES;
				CLANG_WARN_OBJC_IMPLICIT_RETAIN_SELF = YES;
				CLANG_WARN_OBJC_LITERAL_CONVERSION = YES;
				CLANG_WARN_OBJC_ROOT_CLASS = YES_ERROR;
				CLANG_WARN_RANGE_LOOP_ANALYSIS = YES;
				CLANG_WARN_STRICT_PROTOTYPES = YES;
				CLANG_WARN_SUSPICIOUS_MOVE = YES;
				CLANG_WARN_UNGUARDED_AVAILABILITY = YES_AGGRESSIVE;
				CLANG_WARN_UNREACHABLE_CODE = YES;
				CLANG_WARN__DUPLICATE_METHOD_MATCH = YES;
				CODE_SIGN_IDENTITY = "iPhone Developer";
				COPY_PHASE_STRIP = NO;
				DEBUG_INFORMATION_FORMAT = dwarf;
				ENABLE_STRICT_OBJC_MSGSEND = YES;
				ENABLE_TESTABILITY = YES;
				GCC_C_LANGUAGE_STANDARD = gnu11;
				GCC_DYNAMIC_NO_PIC = NO;
				GCC_NO_COMMON_BLOCKS = YES;
				GCC_OPTIMIZATION_LEVEL = 0;
				GCC_PREPROCESSOR_DEFINITIONS = (
					"DEBUG=1",
					"$(inherited)",
				);
				GCC_WARN_64_TO_32_BIT_CONVERSION = YES;
				GCC_WARN_ABOUT_RETURN_TYPE = YES_ERROR;
				GCC_WARN_UNDECLARED_SELECTOR = YES;
				GCC_WARN_UNINITIALIZED_AUTOS = YES_AGGRESSIVE;
				GCC_WARN_UNUSED_FUNCTION = YES;
				GCC_WARN_UNUSED_VARIABLE = YES;
				IPHONEOS_DEPLOYMENT_TARGET = 12.4;
				MTL_ENABLE_DEBUG_INFO = INCLUDE_SOURCE;
				MTL_FAST_MATH = YES;
				ONLY_ACTIVE_ARCH = YES;
				SDKROOT = iphoneos;
				SWIFT_ACTIVE_COMPILATION_CONDITIONS = DEBUG;
				SWIFT_OPTIMIZATION_LEVEL = "-Onone";
			};
			name = Debug;
		};
		3D391D46252D080E007C2A34 /* Release */ = {
			isa = XCBuildConfiguration;
			buildSettings = {
				ALWAYS_SEARCH_USER_PATHS = NO;
				CLANG_ANALYZER_NONNULL = YES;
				CLANG_ANALYZER_NUMBER_OBJECT_CONVERSION = YES_AGGRESSIVE;
				CLANG_CXX_LANGUAGE_STANDARD = "gnu++14";
				CLANG_CXX_LIBRARY = "libc++";
				CLANG_ENABLE_MODULES = YES;
				CLANG_ENABLE_OBJC_ARC = YES;
				CLANG_ENABLE_OBJC_WEAK = YES;
				CLANG_WARN_BLOCK_CAPTURE_AUTORELEASING = YES;
				CLANG_WARN_BOOL_CONVERSION = YES;
				CLANG_WARN_COMMA = YES;
				CLANG_WARN_CONSTANT_CONVERSION = YES;
				CLANG_WARN_DEPRECATED_OBJC_IMPLEMENTATIONS = YES;
				CLANG_WARN_DIRECT_OBJC_ISA_USAGE = YES_ERROR;
				CLANG_WARN_DOCUMENTATION_COMMENTS = YES;
				CLANG_WARN_EMPTY_BODY = YES;
				CLANG_WARN_ENUM_CONVERSION = YES;
				CLANG_WARN_INFINITE_RECURSION = YES;
				CLANG_WARN_INT_CONVERSION = YES;
				CLANG_WARN_NON_LITERAL_NULL_CONVERSION = YES;
				CLANG_WARN_OBJC_IMPLICIT_RETAIN_SELF = YES;
				CLANG_WARN_OBJC_LITERAL_CONVERSION = YES;
				CLANG_WARN_OBJC_ROOT_CLASS = YES_ERROR;
				CLANG_WARN_RANGE_LOOP_ANALYSIS = YES;
				CLANG_WARN_STRICT_PROTOTYPES = YES;
				CLANG_WARN_SUSPICIOUS_MOVE = YES;
				CLANG_WARN_UNGUARDED_AVAILABILITY = YES_AGGRESSIVE;
				CLANG_WARN_UNREACHABLE_CODE = YES;
				CLANG_WARN__DUPLICATE_METHOD_MATCH = YES;
				CODE_SIGN_IDENTITY = "iPhone Developer";
				COPY_PHASE_STRIP = NO;
				DEBUG_INFORMATION_FORMAT = "dwarf-with-dsym";
				ENABLE_NS_ASSERTIONS = NO;
				ENABLE_STRICT_OBJC_MSGSEND = YES;
				GCC_C_LANGUAGE_STANDARD = gnu11;
				GCC_NO_COMMON_BLOCKS = YES;
				GCC_WARN_64_TO_32_BIT_CONVERSION = YES;
				GCC_WARN_ABOUT_RETURN_TYPE = YES_ERROR;
				GCC_WARN_UNDECLARED_SELECTOR = YES;
				GCC_WARN_UNINITIALIZED_AUTOS = YES_AGGRESSIVE;
				GCC_WARN_UNUSED_FUNCTION = YES;
				GCC_WARN_UNUSED_VARIABLE = YES;
				IPHONEOS_DEPLOYMENT_TARGET = 12.4;
				MTL_ENABLE_DEBUG_INFO = NO;
				MTL_FAST_MATH = YES;
				SDKROOT = iphoneos;
				SWIFT_COMPILATION_MODE = wholemodule;
				SWIFT_OPTIMIZATION_LEVEL = "-O";
				VALIDATE_PRODUCT = YES;
			};
			name = Release;
		};
		3D391D48252D080E007C2A34 /* Debug */ = {
			isa = XCBuildConfiguration;
			buildSettings = {
				ASSETCATALOG_COMPILER_APPICON_NAME = AppIcon;
				CODE_SIGN_STYLE = Automatic;
				INFOPLIST_FILE = propina/Info.plist;
				LD_RUNPATH_SEARCH_PATHS = (
					"$(inherited)",
					"@executable_path/Frameworks",
				);
				PRODUCT_BUNDLE_IDENTIFIER = edu.ulsa.propina;
				PRODUCT_NAME = "$(TARGET_NAME)";
				SWIFT_VERSION = 5.0;
				TARGETED_DEVICE_FAMILY = "1,2";
			};
			name = Debug;
		};
		3D391D49252D080E007C2A34 /* Release */ = {
			isa = XCBuildConfiguration;
			buildSettings = {
				ASSETCATALOG_COMPILER_APPICON_NAME = AppIcon;
				CODE_SIGN_STYLE = Automatic;
				INFOPLIST_FILE = propina/Info.plist;
				LD_RUNPATH_SEARCH_PATHS = (
					"$(inherited)",
					"@executable_path/Frameworks",
				);
				PRODUCT_BUNDLE_IDENTIFIER = edu.ulsa.propina;
				PRODUCT_NAME = "$(TARGET_NAME)";
				SWIFT_VERSION = 5.0;
				TARGETED_DEVICE_FAMILY = "1,2";
			};
			name = Release;
		};
		3D391D4B252D080E007C2A34 /* Debug */ = {
			isa = XCBuildConfiguration;
			buildSettings = {
				ALWAYS_EMBED_SWIFT_STANDARD_LIBRARIES = YES;
				BUNDLE_LOADER = "$(TEST_HOST)";
				CODE_SIGN_STYLE = Automatic;
				INFOPLIST_FILE = propinaTests/Info.plist;
				LD_RUNPATH_SEARCH_PATHS = (
					"$(inherited)",
					"@executable_path/Frameworks",
					"@loader_path/Frameworks",
				);
				PRODUCT_BUNDLE_IDENTIFIER = edu.ulsa.propinaTests;
				PRODUCT_NAME = "$(TARGET_NAME)";
				SWIFT_VERSION = 5.0;
				TARGETED_DEVICE_FAMILY = "1,2";
				TEST_HOST = "$(BUILT_PRODUCTS_DIR)/propina.app/propina";
			};
			name = Debug;
		};
		3D391D4C252D080E007C2A34 /* Release */ = {
			isa = XCBuildConfiguration;
			buildSettings = {
				ALWAYS_EMBED_SWIFT_STANDARD_LIBRARIES = YES;
				BUNDLE_LOADER = "$(TEST_HOST)";
				CODE_SIGN_STYLE = Automatic;
				INFOPLIST_FILE = propinaTests/Info.plist;
				LD_RUNPATH_SEARCH_PATHS = (
					"$(inherited)",
					"@executable_path/Frameworks",
					"@loader_path/Frameworks",
				);
				PRODUCT_BUNDLE_IDENTIFIER = edu.ulsa.propinaTests;
				PRODUCT_NAME = "$(TARGET_NAME)";
				SWIFT_VERSION = 5.0;
				TARGETED_DEVICE_FAMILY = "1,2";
				TEST_HOST = "$(BUILT_PRODUCTS_DIR)/propina.app/propina";
			};
			name = Release;
		};
		3D391D4E252D080E007C2A34 /* Debug */ = {
			isa = XCBuildConfiguration;
			buildSettings = {
				ALWAYS_EMBED_SWIFT_STANDARD_LIBRARIES = YES;
				CODE_SIGN_STYLE = Automatic;
				INFOPLIST_FILE = propinaUITests/Info.plist;
				LD_RUNPATH_SEARCH_PATHS = (
					"$(inherited)",
					"@executable_path/Frameworks",
					"@loader_path/Frameworks",
				);
				PRODUCT_BUNDLE_IDENTIFIER = edu.ulsa.propinaUITests;
				PRODUCT_NAME = "$(TARGET_NAME)";
				SWIFT_VERSION = 5.0;
				TARGETED_DEVICE_FAMILY = "1,2";
				TEST_TARGET_NAME = propina;
			};
			name = Debug;
		};
		3D391D4F252D080E007C2A34 /* Release */ = {
			isa = XCBuildConfiguration;
			buildSettings = {
				ALWAYS_EMBED_SWIFT_STANDARD_LIBRARIES = YES;
				CODE_SIGN_STYLE = Automatic;
				INFOPLIST_FILE = propinaUITests/Info.plist;
				LD_RUNPATH_SEARCH_PATHS = (
					"$(inherited)",
					"@executable_path/Frameworks",
					"@loader_path/Frameworks",
				);
				PRODUCT_BUNDLE_IDENTIFIER = edu.ulsa.propinaUITests;
				PRODUCT_NAME = "$(TARGET_NAME)";
				SWIFT_VERSION = 5.0;
				TARGETED_DEVICE_FAMILY = "1,2";
				TEST_TARGET_NAME = propina;
			};
			name = Release;
		};
/* End XCBuildConfiguration section */

/* Begin XCConfigurationList section */
		3D391D1A252D080D007C2A34 /* Build configuration list for PBXProject "propina" */ = {
			isa = XCConfigurationList;
			buildConfigurations = (
				3D391D45252D080E007C2A34 /* Debug */,
				3D391D46252D080E007C2A34 /* Release */,
			);
			defaultConfigurationIsVisible = 0;
			defaultConfigurationName = Release;
		};
		3D391D47252D080E007C2A34 /* Build configuration list for PBXNativeTarget "propina" */ = {
			isa = XCConfigurationList;
			buildConfigurations = (
				3D391D48252D080E007C2A34 /* Debug */,
				3D391D49252D080E007C2A34 /* Release */,
			);
			defaultConfigurationIsVisible = 0;
			defaultConfigurationName = Release;
		};
		3D391D4A252D080E007C2A34 /* Build configuration list for PBXNativeTarget "propinaTests" */ = {
			isa = XCConfigurationList;
			buildConfigurations = (
				3D391D4B252D080E007C2A34 /* Debug */,
				3D391D4C252D080E007C2A34 /* Release */,
			);
			defaultConfigurationIsVisible = 0;
			defaultConfigurationName = Release;
		};
		3D391D4D252D080E007C2A34 /* Build configuration list for PBXNativeTarget "propinaUITests" */ = {
			isa = XCConfigurationList;
			buildConfigurations = (
				3D391D4E252D080E007C2A34 /* Debug */,
				3D391D4F252D080E007C2A34 /* Release */,
			);
			defaultConfigurationIsVisible = 0;
			defaultConfigurationName = Release;
		};
/* End XCConfigurationList section */
	};
	rootObject = 3D391D17252D080D007C2A34 /* Project object */;
}
